Microsoft Visual Studio Solution File, Format Version 12.00
# Visual Studio Version 17
VisualStudioVersion = 17.12.35527.113
MinimumVisualStudioVersion = 10.0.40219.1
Project("{FAE04EC0-301F-11D3-BF4B-00C04F79EFBC}") = "AlertaCidadao.API", "AlertaCidadao\AlertaCidadao.API.csproj", "{6A53BB76-C331-4804-9A46-CAD191D26024}"
EndProject
Project("{2150E333-8FDC-42A3-9474-1A3956D46DE8}") = "1 - API", "1 - API", "{2998C656-40CB-463F-8117-5B32C2E180BF}"
EndProject
Project("{2150E333-8FDC-42A3-9474-1A3956D46DE8}") = "2 - Domain", "2 - Domain", "{7BF415F8-DD1E-4BEC-9900-C7E31B2D7BA9}"
EndProject
Project("{2150E333-8FDC-42A3-9474-1A3956D46DE8}") = "3 - Application", "3 - Application", "{78DCD761-8491-456C-89B3-FA26B49A6809}"
EndProject
Project("{2150E333-8FDC-42A3-9474-1A3956D46DE8}") = "4 - Infraestructure", "4 - Infraestructure", "{A62ADEF5-4D5A-4BCA-91F4-A4171D32C6DE}"
EndProject
Project("{2150E333-8FDC-42A3-9474-1A3956D46DE8}") = "6 - Tests", "6 - Tests", "{1D7DAB29-0FF2-4887-8723-6EEA76155A3F}"
EndProject
Project("{FAE04EC0-301F-11D3-BF4B-00C04F79EFBC}") = "AlertaCidadao.Domain", "AlertaCidadao.Domain\AlertaCidadao.Domain.csproj", "{231F7018-FB37-447A-A4F0-BD91AFDC685B}"
EndProject
Project("{FAE04EC0-301F-11D3-BF4B-00C04F79EFBC}") = "AlertaCidadao.Application", "AlertaCidadao.Application\AlertaCidadao.Application.csproj", "{D95B94B6-1471-4A4A-80D6-BBF072277BB0}"
EndProject
Project("{FAE04EC0-301F-11D3-BF4B-00C04F79EFBC}") = "AlertaCidadao.Infraestructure", "AlertaCidadao.Infraestructure\AlertaCidadao.Infraestructure.csproj", "{9ADEB12C-3035-4098-ABBC-10A505C460BE}"
EndProject
Project("{FAE04EC0-301F-11D3-BF4B-00C04F79EFBC}") = "AlertaCidadao.Tests", "AlertaCidadao.Tests\AlertaCidadao.Tests.csproj", "{9E8655D7-EB4F-4AFC-9E66-35D3949C481F}"
EndProject
Project("{FAE04EC0-301F-11D3-BF4B-00C04F79EFBC}") = "AlertaCidadao.Ioc", "AlertaCidadao.Ioc\AlertaCidadao.Ioc.csproj", "{FBF7A3E1-8C3F-4BB1-BAE1-30633AC150CD}"
EndProject
Project("{2150E333-8FDC-42A3-9474-1A3956D46DE8}") = "5 - Contracts", "5 - Contracts", "{86494291-F159-422E-A27E-CFF9BD2A1457}"
EndProject
Project("{FAE04EC0-301F-11D3-BF4B-00C04F79EFBC}") = "AlertaCidadao.Contracts", "AlertaCidadao.Contracts\AlertaCidadao.Contracts.csproj", "{33C3F150-4232-4DCE-9A52-EFC584E284D4}"
EndProject
Global
	GlobalSection(SolutionConfigurationPlatforms) = preSolution
		Debug|Any CPU = Debug|Any CPU
		Release|Any CPU = Release|Any CPU
	EndGlobalSection
	GlobalSection(ProjectConfigurationPlatforms) = postSolution
		{6A53BB76-C331-4804-9A46-CAD191D26024}.Debug|Any CPU.ActiveCfg = Debug|Any CPU
		{6A53BB76-C331-4804-9A46-CAD191D26024}.Debug|Any CPU.Build.0 = Debug|Any CPU
		{6A53BB76-C331-4804-9A46-CAD191D26024}.Release|Any CPU.ActiveCfg = Release|Any CPU
		{6A53BB76-C331-4804-9A46-CAD191D26024}.Release|Any CPU.Build.0 = Release|Any CPU
		{231F7018-FB37-447A-A4F0-BD91AFDC685B}.Debug|Any CPU.ActiveCfg = Debug|Any CPU
		{231F7018-FB37-447A-A4F0-BD91AFDC685B}.Debug|Any CPU.Build.0 = Debug|Any CPU
		{231F7018-FB37-447A-A4F0-BD91AFDC685B}.Release|Any CPU.ActiveCfg = Release|Any CPU
		{231F7018-FB37-447A-A4F0-BD91AFDC685B}.Release|Any CPU.Build.0 = Release|Any CPU
		{D95B94B6-1471-4A4A-80D6-BBF072277BB0}.Debug|Any CPU.ActiveCfg = Debug|Any CPU
		{D95B94B6-1471-4A4A-80D6-BBF072277BB0}.Debug|Any CPU.Build.0 = Debug|Any CPU
		{D95B94B6-1471-4A4A-80D6-BBF072277BB0}.Release|Any CPU.ActiveCfg = Release|Any CPU
		{D95B94B6-1471-4A4A-80D6-BBF072277BB0}.Release|Any CPU.Build.0 = Release|Any CPU
		{9ADEB12C-3035-4098-ABBC-10A505C460BE}.Debug|Any CPU.ActiveCfg = Debug|Any CPU
		{9ADEB12C-3035-4098-ABBC-10A505C460BE}.Debug|Any CPU.Build.0 = Debug|Any CPU
		{9ADEB12C-3035-4098-ABBC-10A505C460BE}.Release|Any CPU.ActiveCfg = Release|Any CPU
		{9ADEB12C-3035-4098-ABBC-10A505C460BE}.Release|Any CPU.Build.0 = Release|Any CPU
		{9E8655D7-EB4F-4AFC-9E66-35D3949C481F}.Debug|Any CPU.ActiveCfg = Debug|Any CPU
		{9E8655D7-EB4F-4AFC-9E66-35D3949C481F}.Debug|Any CPU.Build.0 = Debug|Any CPU
		{9E8655D7-EB4F-4AFC-9E66-35D3949C481F}.Release|Any CPU.ActiveCfg = Release|Any CPU
		{9E8655D7-EB4F-4AFC-9E66-35D3949C481F}.Release|Any CPU.Build.0 = Release|Any CPU
		{FBF7A3E1-8C3F-4BB1-BAE1-30633AC150CD}.Debug|Any CPU.ActiveCfg = Debug|Any CPU
		{FBF7A3E1-8C3F-4BB1-BAE1-30633AC150CD}.Debug|Any CPU.Build.0 = Debug|Any CPU
		{FBF7A3E1-8C3F-4BB1-BAE1-30633AC150CD}.Release|Any CPU.ActiveCfg = Release|Any CPU
		{FBF7A3E1-8C3F-4BB1-BAE1-30633AC150CD}.Release|Any CPU.Build.0 = Release|Any CPU
		{33C3F150-4232-4DCE-9A52-EFC584E284D4}.Debug|Any CPU.ActiveCfg = Debug|Any CPU
		{33C3F150-4232-4DCE-9A52-EFC584E284D4}.Debug|Any CPU.Build.0 = Debug|Any CPU
		{33C3F150-4232-4DCE-9A52-EFC584E284D4}.Release|Any CPU.ActiveCfg = Release|Any CPU
		{33C3F150-4232-4DCE-9A52-EFC584E284D4}.Release|Any CPU.Build.0 = Release|Any CPU
	EndGlobalSection
	GlobalSection(SolutionProperties) = preSolution
		HideSolutionNode = FALSE
	EndGlobalSection
	GlobalSection(NestedProjects) = preSolution
		{6A53BB76-C331-4804-9A46-CAD191D26024} = {2998C656-40CB-463F-8117-5B32C2E180BF}
		{231F7018-FB37-447A-A4F0-BD91AFDC685B} = {7BF415F8-DD1E-4BEC-9900-C7E31B2D7BA9}
		{D95B94B6-1471-4A4A-80D6-BBF072277BB0} = {78DCD761-8491-456C-89B3-FA26B49A6809}
		{9ADEB12C-3035-4098-ABBC-10A505C460BE} = {A62ADEF5-4D5A-4BCA-91F4-A4171D32C6DE}
		{9E8655D7-EB4F-4AFC-9E66-35D3949C481F} = {1D7DAB29-0FF2-4887-8723-6EEA76155A3F}
		{FBF7A3E1-8C3F-4BB1-BAE1-30633AC150CD} = {A62ADEF5-4D5A-4BCA-91F4-A4171D32C6DE}
		{33C3F150-4232-4DCE-9A52-EFC584E284D4} = {86494291-F159-422E-A27E-CFF9BD2A1457}
	EndGlobalSection
EndGlobal
